
Microsoft Visual Studio Solution File, Format Version 12.00
# Visual Studio Version 17
VisualStudioVersion = 17.13.35825.156 d17.13
MinimumVisualStudioVersion = 10.0.40219.1
Project("{FAE04EC0-301F-11D3-BF4B-00C04F79EFBC}") = "TestResourceUsageBySignalR", "TestResourceUsageBySignalR\TestResourceUsageBySignalR.csproj", "{980FDB74-A4E6-4340-ACC3-16D10E6623C6}"
EndProject
Global
	GlobalSection(SolutionConfigurationPlatforms) = preSolution
		Debug|Any CPU = Debug|Any CPU
		Release|Any CPU = Release|Any CPU
	EndGlobalSection
	GlobalSection(ProjectConfigurationPlatforms) = postSolution
		{980FDB74-A4E6-4340-ACC3-16D10E6623C6}.Debug|Any CPU.ActiveCfg = Debug|Any CPU
		{980FDB74-A4E6-4340-ACC3-16D10E6623C6}.Debug|Any CPU.Build.0 = Debug|Any CPU
		{980FDB74-A4E6-4340-ACC3-16D10E6623C6}.Release|Any CPU.ActiveCfg = Release|Any CPU
		{980FDB74-A4E6-4340-ACC3-16D10E6623C6}.Release|Any CPU.Build.0 = Release|Any CPU
	EndGlobalSection
	GlobalSection(SolutionProperties) = preSolution
		HideSolutionNode = FALSE
	EndGlobalSection
	GlobalSection(ExtensibilityGlobals) = postSolution
		SolutionGuid = {E1967359-9295-47D6-AECC-389F3D648961}
	EndGlobalSection
EndGlobal
